
Microsoft Visual Studio Solution File, Format Version 12.00
# Visual Studio Version 16
VisualStudioVersion = 16.0.30621.155
MinimumVisualStudioVersion = 10.0.40219.1
Project("{FAE04EC0-301F-11D3-BF4B-00C04F79EFBC}") = "Time_Tracking", "Time_Tracking\Time_Tracking.csproj", "{3CAEC1B8-CFB4-44C6-8A31-110452F1B1EA}"
EndProject
Global
	GlobalSection(SolutionConfigurationPlatforms) = preSolution
		Debug|Any CPU = Debug|Any CPU
		Release|Any CPU = Release|Any CPU
	EndGlobalSection
	GlobalSection(ProjectConfigurationPlatforms) = postSolution
		{3CAEC1B8-CFB4-44C6-8A31-110452F1B1EA}.Debug|Any CPU.ActiveCfg = Debug|Any CPU
		{3CAEC1B8-CFB4-44C6-8A31-110452F1B1EA}.Debug|Any CPU.Build.0 = Debug|Any CPU
		{3CAEC1B8-CFB4-44C6-8A31-110452F1B1EA}.Release|Any CPU.ActiveCfg = Release|Any CPU
		{3CAEC1B8-CFB4-44C6-8A31-110452F1B1EA}.Release|Any CPU.Build.0 = Release|Any CPU
	EndGlobalSection
	GlobalSection(SolutionProperties) = preSolution
		HideSolutionNode = FALSE
	EndGlobalSection
	GlobalSection(ExtensibilityGlobals) = postSolution
		SolutionGuid = {89FFE41F-AD62-4A5C-8672-E3E9EC12CCC5}
	EndGlobalSection
EndGlobal
